PODS:
  - Expecta (1.0.6)
  - Realm (2.10.1):
    - Realm/Headers (= 2.10.1)
  - Realm-JSONAPI (0.1.4):
    - Realm (~> 2.10.1)
  - Realm/Headers (2.10.1)
  - Specta (1.0.6)

DEPENDENCIES:
  - Expecta
  - Realm-JSONAPI (from `../`)
  - Specta

EXTERNAL SOURCES:
  Realm-JSONAPI:
    :path: "../"

SPEC CHECKSUMS:
  Expecta: 3b6bd90a64b9a1dcb0b70aa0e10a7f8f631667d5
  Realm: fc7a317a5c2c9ba91f5f235ede4e2ea76e9eba0c
  Realm-JSONAPI: bee365ff5113d9b0e138a5c76e57ada846f5c69a
  Specta: f506f3a8361de16bc0dcf3b17b75e269072ba465

PODFILE CHECKSUM: 7916bbf39bdd32b6ae88449b7274f9fc056f22bc

COCOAPODS: 1.2.1
